
Microsoft Visual Studio Solution File, Format Version 12.00
# Visual Studio 2012
Project("{FAE04EC0-301F-11D3-BF4B-00C04F79EFBC}") = "UI", "UI\UI.csproj", "{C1862B49-C3DD-4F82-8F13-4951D9DCDB40}"
EndProject
Project("{FAE04EC0-301F-11D3-BF4B-00C04F79EFBC}") = "Service", "Service\Service.csproj", "{97D1CD28-A43D-4417-81BF-D5CA96A9C647}"
EndProject
Project("{FAE04EC0-301F-11D3-BF4B-00C04F79EFBC}") = "Interface", "Interface\Interface.csproj", "{80FA3788-B3F4-4763-9CBE-0E8F87848DCB}"
EndProject
Global
	GlobalSection(SolutionConfigurationPlatforms) = preSolution
		Debug|Any CPU = Debug|Any CPU
		Release|Any CPU = Release|Any CPU
	EndGlobalSection
	GlobalSection(ProjectConfigurationPlatforms) = postSolution
		{C1862B49-C3DD-4F82-8F13-4951D9DCDB40}.Debug|Any CPU.ActiveCfg = Debug|Any CPU
		{C1862B49-C3DD-4F82-8F13-4951D9DCDB40}.Debug|Any CPU.Build.0 = Debug|Any CPU
		{C1862B49-C3DD-4F82-8F13-4951D9DCDB40}.Release|Any CPU.ActiveCfg = Release|Any CPU
		{C1862B49-C3DD-4F82-8F13-4951D9DCDB40}.Release|Any CPU.Build.0 = Release|Any CPU
		{97D1CD28-A43D-4417-81BF-D5CA96A9C647}.Debug|Any CPU.ActiveCfg = Debug|Any CPU
		{97D1CD28-A43D-4417-81BF-D5CA96A9C647}.Debug|Any CPU.Build.0 = Debug|Any CPU
		{97D1CD28-A43D-4417-81BF-D5CA96A9C647}.Release|Any CPU.ActiveCfg = Release|Any CPU
		{97D1CD28-A43D-4417-81BF-D5CA96A9C647}.Release|Any CPU.Build.0 = Release|Any CPU
		{80FA3788-B3F4-4763-9CBE-0E8F87848DCB}.Debug|Any CPU.ActiveCfg = Debug|Any CPU
		{80FA3788-B3F4-4763-9CBE-0E8F87848DCB}.Debug|Any CPU.Build.0 = Debug|Any CPU
		{80FA3788-B3F4-4763-9CBE-0E8F87848DCB}.Release|Any CPU.ActiveCfg = Release|Any CPU
		{80FA3788-B3F4-4763-9CBE-0E8F87848DCB}.Release|Any CPU.Build.0 = Release|Any CPU
	EndGlobalSection
	GlobalSection(SolutionProperties) = preSolution
		HideSolutionNode = FALSE
	EndGlobalSection
EndGlobal
